
Microsoft Visual Studio Solution File, Format Version 12.00
# Visual Studio Version 16
VisualStudioVersion = 16.0.30611.23
MinimumVisualStudioVersion = 10.0.40219.1
Project("{FAE04EC0-301F-11D3-BF4B-00C04F79EFBC}") = "ASEAN2018_Session1_28_10", "ASEAN2018_Session1_28_10.csproj", "{931EB622-D30C-4691-BF36-9FA6FDFCC99E}"
EndProject
Global
	GlobalSection(SolutionConfigurationPlatforms) = preSolution
		Debug|Any CPU = Debug|Any CPU
		Release|Any CPU = Release|Any CPU
	EndGlobalSection
	GlobalSection(ProjectConfigurationPlatforms) = postSolution
		{931EB622-D30C-4691-BF36-9FA6FDFCC99E}.Debug|Any CPU.ActiveCfg = Debug|Any CPU
		{931EB622-D30C-4691-BF36-9FA6FDFCC99E}.Debug|Any CPU.Build.0 = Debug|Any CPU
		{931EB622-D30C-4691-BF36-9FA6FDFCC99E}.Release|Any CPU.ActiveCfg = Release|Any CPU
		{931EB622-D30C-4691-BF36-9FA6FDFCC99E}.Release|Any CPU.Build.0 = Release|Any CPU
	EndGlobalSection
	GlobalSection(SolutionProperties) = preSolution
		HideSolutionNode = FALSE
	EndGlobalSection
	GlobalSection(ExtensibilityGlobals) = postSolution
		SolutionGuid = {98EEE9D6-063A-45B2-A006-2D0DF1343E13}
	EndGlobalSection
EndGlobal
